
Microsoft Visual Studio Solution File, Format Version 12.00
# Visual Studio Version 17
VisualStudioVersion = 17.3.32819.101
MinimumVisualStudioVersion = 10.0.40219.1
Project("{FAE04EC0-301F-11D3-BF4B-00C04F79EFBC}") = "PortfolioBlazorWASMv2", "PortfolioBlazorWASMv2\PortfolioBlazorWASMv2.csproj", "{CE3D9629-652F-4157-9776-32C181AC2413}"
EndProject
Global
	GlobalSection(SolutionConfigurationPlatforms) = preSolution
		Debug|Any CPU = Debug|Any CPU
		Release|Any CPU = Release|Any CPU
	EndGlobalSection
	GlobalSection(ProjectConfigurationPlatforms) = postSolution
		{CE3D9629-652F-4157-9776-32C181AC2413}.Debug|Any CPU.ActiveCfg = Debug|Any CPU
		{CE3D9629-652F-4157-9776-32C181AC2413}.Debug|Any CPU.Build.0 = Debug|Any CPU
		{CE3D9629-652F-4157-9776-32C181AC2413}.Release|Any CPU.ActiveCfg = Release|Any CPU
		{CE3D9629-652F-4157-9776-32C181AC2413}.Release|Any CPU.Build.0 = Release|Any CPU
	EndGlobalSection
	GlobalSection(SolutionProperties) = preSolution
		HideSolutionNode = FALSE
	EndGlobalSection
	GlobalSection(ExtensibilityGlobals) = postSolution
		SolutionGuid = {42E14C8D-855F-4DE5-8EE3-91FD12CEE0E7}
	EndGlobalSection
EndGlobal
